{
  "nodes": {
    "darwin": {
      "inputs": {
        "nixpkgs": [
          "nixpkgs"
        ]
      },
      "locked": {
        "lastModified": 1617693609,
        "narHash": "sha256-/+6wm08yHK8mhyljzELD4WE9Gh8XUVbHL0R1TQpZtTQ=",
        "owner": "LnL7",
        "repo": "nix-darwin",
        "rev": "a7492a8c76dcc702d0a65cd820a5f9baa8702684",
        "type": "github"
      },
      "original": {
        "owner": "LnL7",
        "repo": "nix-darwin",
        "type": "github"
      }
    },
    "flake-compat": {
      "flake": false,
      "locked": {
        "lastModified": 1606424373,
        "narHash": "sha256-oq8d4//CJOrVj+EcOaSXvMebvuTkmBJuT5tzlfewUnQ=",
        "owner": "edolstra",
        "repo": "flake-compat",
        "rev": "99f1c2157fba4bfe6211a321fd0ee43199025dbf",
        "type": "github"
      },
      "original": {
        "owner": "edolstra",
        "repo": "flake-compat",
        "type": "github"
      }
    },
    "flake-utils": {
      "locked": {
        "lastModified": 1619345332,
        "narHash": "sha256-qHnQkEp1uklKTpx3MvKtY6xzgcqXDsz5nLilbbuL+3A=",
        "owner": "numtide",
        "repo": "flake-utils",
        "rev": "2ebf2558e5bf978c7fb8ea927dfaed8fefab2e28",
        "type": "github"
      },
      "original": {
        "owner": "numtide",
        "repo": "flake-utils",
        "type": "github"
      }
    },
    "home-manager": {
      "inputs": {
        "nixpkgs": [
          "nixpkgs"
        ]
      },
      "locked": {
        "lastModified": 1620337456,
        "narHash": "sha256-w4Z6NYNYI3v++Pmqs4j1pPGdWJEyjGQat5rYxkhncMI=",
        "owner": "nix-community",
        "repo": "home-manager",
        "rev": "86944b0fb15f89bc1173efabbce556260a410154",
        "type": "github"
      },
      "original": {
        "owner": "nix-community",
        "repo": "home-manager",
        "type": "github"
      }
    },
    "nixos-stable": {
      "locked": {
        "lastModified": 1620332858,
        "narHash": "sha256-ZoOfRdndJhX4QQumeUOYXynTuI8GzkSs9bh451Vezak=",
        "owner": "nixos",
        "repo": "nixpkgs",
        "rev": "22612485a469d71df09b9434842767b1f4f2c063",
        "type": "github"
      },
      "original": {
        "owner": "nixos",
        "ref": "nixos-20.09",
        "repo": "nixpkgs",
        "type": "github"
      }
    },
    "nixpkgs": {
      "locked": {
        "lastModified": 1620351499,
        "narHash": "sha256-OsEsKkQo9axVSMP0AGY2Xlz08kvwZB2z1DNLQkCtar4=",
        "owner": "nixos",
        "repo": "nixpkgs",
        "rev": "e62feb3bf4a603e26755238303bda0c24651e155",
        "type": "github"
      },
      "original": {
        "owner": "nixos",
        "ref": "nixpkgs-unstable",
        "repo": "nixpkgs",
        "type": "github"
      }
    },
    "nixpkgs-master": {
      "locked": {
        "lastModified": 1620400574,
        "narHash": "sha256-SgWmPzDWGK81oqgqBiBAFOulGSsurxH+afCnXrqb4AI=",
        "owner": "nixos",
        "repo": "nixpkgs",
        "rev": "3f77710aae6de042580a00f24775c047edd2fbb7",
        "type": "github"
      },
      "original": {
        "owner": "nixos",
        "ref": "master",
        "repo": "nixpkgs",
        "type": "github"
      }
    },
    "nixpkgs-stable-darwin": {
      "locked": {
        "lastModified": 1620332858,
        "narHash": "sha256-ZoOfRdndJhX4QQumeUOYXynTuI8GzkSs9bh451Vezak=",
        "owner": "nixos",
        "repo": "nixpkgs",
        "rev": "22612485a469d71df09b9434842767b1f4f2c063",
        "type": "github"
      },
      "original": {
        "owner": "nixos",
        "ref": "nixpkgs-20.09-darwin",
        "repo": "nixpkgs",
        "type": "github"
      }
    },
    "root": {
      "inputs": {
        "darwin": "darwin",
        "flake-compat": "flake-compat",
        "flake-utils": "flake-utils",
        "home-manager": "home-manager",
        "nixos-stable": "nixos-stable",
        "nixpkgs": "nixpkgs",
        "nixpkgs-master": "nixpkgs-master",
        "nixpkgs-stable-darwin": "nixpkgs-stable-darwin"
      }
    }
  },
  "root": "root",
  "version": 7
}
